
Microsoft Visual Studio Solution File, Format Version 12.00
# Visual Studio Version 16
VisualStudioVersion = 16.0.29201.188
MinimumVisualStudioVersion = 10.0.40219.1
Project("{FAE04EC0-301F-11D3-BF4B-00C04F79EFBC}") = "TestMSTeam1", "TestMSTeam1\TestMSTeam1.csproj", "{60D59A59-F337-4160-B53F-89EE1F84DE00}"
EndProject
Global
	GlobalSection(SolutionConfigurationPlatforms) = preSolution
		Debug|Any CPU = Debug|Any CPU
		Release|Any CPU = Release|Any CPU
	EndGlobalSection
	GlobalSection(ProjectConfigurationPlatforms) = postSolution
		{60D59A59-F337-4160-B53F-89EE1F84DE00}.Debug|Any CPU.ActiveCfg = Debug|Any CPU
		{60D59A59-F337-4160-B53F-89EE1F84DE00}.Debug|Any CPU.Build.0 = Debug|Any CPU
		{60D59A59-F337-4160-B53F-89EE1F84DE00}.Release|Any CPU.ActiveCfg = Release|Any CPU
		{60D59A59-F337-4160-B53F-89EE1F84DE00}.Release|Any CPU.Build.0 = Release|Any CPU
	EndGlobalSection
	GlobalSection(SolutionProperties) = preSolution
		HideSolutionNode = FALSE
	EndGlobalSection
	GlobalSection(ExtensibilityGlobals) = postSolution
		SolutionGuid = {5D9946BE-4318-4DD2-A729-CB7E5CC22DE6}
	EndGlobalSection
EndGlobal
